
Microsoft Visual Studio Solution File, Format Version 12.00
# Visual Studio Version 17
VisualStudioVersion = 17.1.32210.238
MinimumVisualStudioVersion = 10.0.40219.1
Project("{2150E333-8FDC-42A3-9474-1A3956D46DE8}") = "ToDoList", "ToDoList", "{56502017-1170-4923-92CE-2D898668E6AF}"
	ProjectSection(SolutionItems) = preProject
		Index.html = Index.html
		Styles.css = Styles.css
	EndProjectSection
EndProject
Global
	GlobalSection(SolutionProperties) = preSolution
		HideSolutionNode = FALSE
	EndGlobalSection
	GlobalSection(ExtensibilityGlobals) = postSolution
		SolutionGuid = {4662A856-D590-4D21-B350-0007F56A26F9}
	EndGlobalSection
EndGlobal
